
Microsoft Visual Studio Solution File, Format Version 12.00
# Visual Studio Version 17
VisualStudioVersion = 17.10.35122.118
MinimumVisualStudioVersion = 10.0.40219.1
Project("{FAE04EC0-301F-11D3-BF4B-00C04F79EFBC}") = "Module 1 Homework-1", "Module 1 Homework-1\Module 1 Homework-1.csproj", "{E267C500-64B2-4EE4-8F71-E20CC4A1B3F4}"
EndProject
Global
	GlobalSection(SolutionConfigurationPlatforms) = preSolution
		Debug|Any CPU = Debug|Any CPU
		Release|Any CPU = Release|Any CPU
	EndGlobalSection
	GlobalSection(ProjectConfigurationPlatforms) = postSolution
		{E267C500-64B2-4EE4-8F71-E20CC4A1B3F4}.Debug|Any CPU.ActiveCfg = Debug|Any CPU
		{E267C500-64B2-4EE4-8F71-E20CC4A1B3F4}.Debug|Any CPU.Build.0 = Debug|Any CPU
		{E267C500-64B2-4EE4-8F71-E20CC4A1B3F4}.Release|Any CPU.ActiveCfg = Release|Any CPU
		{E267C500-64B2-4EE4-8F71-E20CC4A1B3F4}.Release|Any CPU.Build.0 = Release|Any CPU
	EndGlobalSection
	GlobalSection(SolutionProperties) = preSolution
		HideSolutionNode = FALSE
	EndGlobalSection
	GlobalSection(ExtensibilityGlobals) = postSolution
		SolutionGuid = {14785419-9E8D-4B05-95CA-41F25D18898A}
	EndGlobalSection
EndGlobal
